
Microsoft Visual Studio Solution File, Format Version 12.00
# Visual Studio Version 17
VisualStudioVersion = 17.13.35919.96 d17.13
MinimumVisualStudioVersion = 10.0.40219.1
Project("{FAE04EC0-301F-11D3-BF4B-00C04F79EFBC}") = "DVLD-PresentationLayer", "DVLD\DVLD-PresentationLayer.csproj", "{E37A1A45-F793-4D23-9A78-6B714CE6699B}"
EndProject
Project("{FAE04EC0-301F-11D3-BF4B-00C04F79EFBC}") = "DVLD-BusinessLayer", "DVLD-BusinessLayer\DVLD-BusinessLayer.csproj", "{79EF87A5-7C40-4391-9D20-E61E5912A24E}"
EndProject
Project("{FAE04EC0-301F-11D3-BF4B-00C04F79EFBC}") = "DVLD-DataAccessLayer", "DVLD-DataAccessLayer\DVLD-DataAccessLayer.csproj", "{89A4D1A7-F643-4ACA-89CE-81FC01AAD0C3}"
EndProject
Global
	GlobalSection(SolutionConfigurationPlatforms) = preSolution
		Debug|Any CPU = Debug|Any CPU
		Release|Any CPU = Release|Any CPU
	EndGlobalSection
	GlobalSection(ProjectConfigurationPlatforms) = postSolution
		{E37A1A45-F793-4D23-9A78-6B714CE6699B}.Debug|Any CPU.ActiveCfg = Debug|Any CPU
		{E37A1A45-F793-4D23-9A78-6B714CE6699B}.Debug|Any CPU.Build.0 = Debug|Any CPU
		{E37A1A45-F793-4D23-9A78-6B714CE6699B}.Release|Any CPU.ActiveCfg = Release|Any CPU
		{E37A1A45-F793-4D23-9A78-6B714CE6699B}.Release|Any CPU.Build.0 = Release|Any CPU
		{79EF87A5-7C40-4391-9D20-E61E5912A24E}.Debug|Any CPU.ActiveCfg = Debug|Any CPU
		{79EF87A5-7C40-4391-9D20-E61E5912A24E}.Debug|Any CPU.Build.0 = Debug|Any CPU
		{79EF87A5-7C40-4391-9D20-E61E5912A24E}.Release|Any CPU.ActiveCfg = Release|Any CPU
		{79EF87A5-7C40-4391-9D20-E61E5912A24E}.Release|Any CPU.Build.0 = Release|Any CPU
		{89A4D1A7-F643-4ACA-89CE-81FC01AAD0C3}.Debug|Any CPU.ActiveCfg = Debug|Any CPU
		{89A4D1A7-F643-4ACA-89CE-81FC01AAD0C3}.Debug|Any CPU.Build.0 = Debug|Any CPU
		{89A4D1A7-F643-4ACA-89CE-81FC01AAD0C3}.Release|Any CPU.ActiveCfg = Release|Any CPU
		{89A4D1A7-F643-4ACA-89CE-81FC01AAD0C3}.Release|Any CPU.Build.0 = Release|Any CPU
	EndGlobalSection
	GlobalSection(SolutionProperties) = preSolution
		HideSolutionNode = FALSE
	EndGlobalSection
	GlobalSection(ExtensibilityGlobals) = postSolution
		SolutionGuid = {C292BE48-1872-434D-BE95-F09A6C98B5E0}
	EndGlobalSection
EndGlobal
